// !$*UTF8*$!
{
	archiveVersion = 1;
	classes = {
	};
	objectVersion = 56;
	objects = {

/* Begin PBXBuildFile section */
		E2CBB80C2ABD461A001DE430 /* AppDelegate.m in Sources */ = {isa = PBXBuildFile; fileRef = E2CBB80B2ABD461A001DE430 /* AppDelegate.m */; };
		E2CBB8122ABD461A001DE430 /* LoginVC.m in Sources */ = {isa = PBXBuildFile; fileRef = E2CBB8112ABD461A001DE430 /* LoginVC.m */; };
		E2CBB8152ABD461A001DE430 /* Main.storyboard in Resources */ = {isa = PBXBuildFile; fileRef = E2CBB8132ABD461A001DE430 /* Main.storyboard */; };
		E2CBB8172ABD461C001DE430 /* Assets.xcassets in Resources */ = {isa = PBXBuildFile; fileRef = E2CBB8162ABD461C001DE430 /* Assets.xcassets */; };
		E2CBB81A2ABD461C001DE430 /* LaunchScreen.storyboard in Resources */ = {isa = PBXBuildFile; fileRef = E2CBB8182ABD461C001DE430 /* LaunchScreen.storyboard */; };
		E2CBB81D2ABD461C001DE430 /* main.m in Sources */ = {isa = PBXBuildFile; fileRef = E2CBB81C2ABD461C001DE430 /* main.m */; };
		E2CBB8252ABD4E7E001DE430 /* SignUpVC.m in Sources */ = {isa = PBXBuildFile; fileRef = E2CBB8242ABD4E7E001DE430 /* SignUpVC.m */; };
		E2CBB8292ABD4EBF001DE430 /* ProfileVC.m in Sources */ = {isa = PBXBuildFile; fileRef = E2CBB8282ABD4EBF001DE430 /* ProfileVC.m */; };
		E2CBB82C2ABD79CD001DE430 /* GoogleService-Info.plist in Resources */ = {isa = PBXBuildFile; fileRef = E2CBB82B2ABD79CD001DE430 /* GoogleService-Info.plist */; };
		E2CBB82F2ABD7C12001DE430 /* FirebaseAuth in Frameworks */ = {isa = PBXBuildFile; productRef = E2CBB82E2ABD7C12001DE430 /* FirebaseAuth */; };
		E2CBB8312ABD7C12001DE430 /* FirebaseAuthCombine-Community in Frameworks */ = {isa = PBXBuildFile; productRef = E2CBB8302ABD7C12001DE430 /* FirebaseAuthCombine-Community */; };
		E2CBB8332ABD7C12001DE430 /* FirebaseDatabase in Frameworks */ = {isa = PBXBuildFile; productRef = E2CBB8322ABD7C12001DE430 /* FirebaseDatabase */; };
		E2CBB8352ABD7C13001DE430 /* FirebaseFirestore in Frameworks */ = {isa = PBXBuildFile; productRef = E2CBB8342ABD7C13001DE430 /* FirebaseFirestore */; };
		E2CBB8372ABD7C13001DE430 /* FirebaseStorage in Frameworks */ = {isa = PBXBuildFile; productRef = E2CBB8362ABD7C13001DE430 /* FirebaseStorage */; };
		E2CBB8392ABD7C13001DE430 /* FirebaseStorageCombine-Community in Frameworks */ = {isa = PBXBuildFile; productRef = E2CBB8382ABD7C13001DE430 /* FirebaseStorageCombine-Community */; };
		E2CBB83C2ABD8E4C001DE430 /* GoogleSignIn in Frameworks */ = {isa = PBXBuildFile; productRef = E2CBB83B2ABD8E4C001DE430 /* GoogleSignIn */; };
		E2CBB83E2ABD8E4C001DE430 /* GoogleSignInSwift in Frameworks */ = {isa = PBXBuildFile; productRef = E2CBB83D2ABD8E4C001DE430 /* GoogleSignInSwift */; };
		E2E3E3052ABECDA700586D13 /* WeatherDetailVC.m in Sources */ = {isa = PBXBuildFile; fileRef = E2E3E3042ABECDA700586D13 /* WeatherDetailVC.m */; };
/* End PBXBuildFile section */

/* Begin PBXFileReference section */
		E2CBB8072ABD461A001DE430 /* TensorIOTPractical.app */ = {isa = PBXFileReference; explicitFileType = wrapper.application; includeInIndex = 0; path = TensorIOTPractical.app; sourceTree = BUILT_PRODUCTS_DIR; };
		E2CBB80A2ABD461A001DE430 /* AppDelegate.h */ = {isa = PBXFileReference; lastKnownFileType = sourcecode.c.h; path = AppDelegate.h; sourceTree = "<group>"; };
		E2CBB80B2ABD461A001DE430 /* AppDelegate.m */ = {isa = PBXFileReference; lastKnownFileType = sourcecode.c.objc; path = AppDelegate.m; sourceTree = "<group>"; };
		E2CBB8102ABD461A001DE430 /* LoginVC.h */ = {isa = PBXFileReference; lastKnownFileType = sourcecode.c.h; path = LoginVC.h; sourceTree = "<group>"; };
		E2CBB8112ABD461A001DE430 /* LoginVC.m */ = {isa = PBXFileReference; lastKnownFileType = sourcecode.c.objc; path = LoginVC.m; sourceTree = "<group>"; };
		E2CBB8142ABD461A001DE430 /* Base */ = {isa = PBXFileReference; lastKnownFileType = file.storyboard; name = Base; path = Base.lproj/Main.storyboard; sourceTree = "<group>"; };
		E2CBB8162ABD461C001DE430 /* Assets.xcassets */ = {isa = PBXFileReference; lastKnownFileType = folder.assetcatalog; path = Assets.xcassets; sourceTree = "<group>"; };
		E2CBB8192ABD461C001DE430 /* Base */ = {isa = PBXFileReference; lastKnownFileType = file.storyboard; name = Base; path = Base.lproj/LaunchScreen.storyboard; sourceTree = "<group>"; };
		E2CBB81B2ABD461C001DE430 /* Info.plist */ = {isa = PBXFileReference; lastKnownFileType = text.plist.xml; path = Info.plist; sourceTree = "<group>"; };
		E2CBB81C2ABD461C001DE430 /* main.m */ = {isa = PBXFileReference; lastKnownFileType = sourcecode.c.objc; path = main.m; sourceTree = "<group>"; };
		E2CBB8232ABD4E7E001DE430 /* SignUpVC.h */ = {isa = PBXFileReference; lastKnownFileType = sourcecode.c.h; path = SignUpVC.h; sourceTree = "<group>"; };
		E2CBB8242ABD4E7E001DE430 /* SignUpVC.m */ = {isa = PBXFileReference; lastKnownFileType = sourcecode.c.objc; path = SignUpVC.m; sourceTree = "<group>"; };
		E2CBB8272ABD4EBF001DE430 /* ProfileVC.h */ = {isa = PBXFileReference; lastKnownFileType = sourcecode.c.h; path = ProfileVC.h; sourceTree = "<group>"; };
		E2CBB8282ABD4EBF001DE430 /* ProfileVC.m */ = {isa = PBXFileReference; lastKnownFileType = sourcecode.c.objc; path = ProfileVC.m; sourceTree = "<group>"; };
		E2CBB82B2ABD79CD001DE430 /* GoogleService-Info.plist */ = {isa = PBXFileReference; fileEncoding = 4; lastKnownFileType = text.plist.xml; path = "GoogleService-Info.plist"; sourceTree = "<group>"; };
		E2E3E3032ABECDA700586D13 /* WeatherDetailVC.h */ = {isa = PBXFileReference; lastKnownFileType = sourcecode.c.h; path = WeatherDetailVC.h; sourceTree = "<group>"; };
		E2E3E3042ABECDA700586D13 /* WeatherDetailVC.m */ = {isa = PBXFileReference; lastKnownFileType = sourcecode.c.objc; path = WeatherDetailVC.m; sourceTree = "<group>"; };
/* End PBXFileReference section */

/* Begin PBXFrameworksBuildPhase section */
		E2CBB8042ABD461A001DE430 /* Frameworks */ = {
			isa = PBXFrameworksBuildPhase;
			buildActionMask = 2147483647;
			files = (
				E2CBB8332ABD7C12001DE430 /* FirebaseDatabase in Frameworks */,
				E2CBB8352ABD7C13001DE430 /* FirebaseFirestore in Frameworks */,
				E2CBB82F2ABD7C12001DE430 /* FirebaseAuth in Frameworks */,
				E2CBB83E2ABD8E4C001DE430 /* GoogleSignInSwift in Frameworks */,
				E2CBB8372ABD7C13001DE430 /* FirebaseStorage in Frameworks */,
				E2CBB8392ABD7C13001DE430 /* FirebaseStorageCombine-Community in Frameworks */,
				E2CBB8312ABD7C12001DE430 /* FirebaseAuthCombine-Community in Frameworks */,
				E2CBB83C2ABD8E4C001DE430 /* GoogleSignIn in Frameworks */,
			);
			runOnlyForDeploymentPostprocessing = 0;
		};
/* End PBXFrameworksBuildPhase section */

/* Begin PBXGroup section */
		E2CBB7FE2ABD461A001DE430 = {
			isa = PBXGroup;
			children = (
				E2CBB8092ABD461A001DE430 /* TensorIOTPractical */,
				E2CBB8082ABD461A001DE430 /* Products */,
			);
			sourceTree = "<group>";
		};
		E2CBB8082ABD461A001DE430 /* Products */ = {
			isa = PBXGroup;
			children = (
				E2CBB8072ABD461A001DE430 /* TensorIOTPractical.app */,
			);
			name = Products;
			sourceTree = "<group>";
		};
		E2CBB8092ABD461A001DE430 /* TensorIOTPractical */ = {
			isa = PBXGroup;
			children = (
				E2CBB8262ABD4E84001DE430 /* ViewController */,
				E2CBB80A2ABD461A001DE430 /* AppDelegate.h */,
				E2CBB80B2ABD461A001DE430 /* AppDelegate.m */,
				E2CBB82B2ABD79CD001DE430 /* GoogleService-Info.plist */,
				E2CBB8132ABD461A001DE430 /* Main.storyboard */,
				E2CBB8162ABD461C001DE430 /* Assets.xcassets */,
				E2CBB8182ABD461C001DE430 /* LaunchScreen.storyboard */,
				E2CBB81B2ABD461C001DE430 /* Info.plist */,
				E2CBB81C2ABD461C001DE430 /* main.m */,
			);
			path = TensorIOTPractical;
			sourceTree = "<group>";
		};
		E2CBB8262ABD4E84001DE430 /* ViewController */ = {
			isa = PBXGroup;
			children = (
				E2CBB8102ABD461A001DE430 /* LoginVC.h */,
				E2CBB8112ABD461A001DE430 /* LoginVC.m */,
				E2CBB8232ABD4E7E001DE430 /* SignUpVC.h */,
				E2CBB8242ABD4E7E001DE430 /* SignUpVC.m */,
				E2CBB8272ABD4EBF001DE430 /* ProfileVC.h */,
				E2CBB8282ABD4EBF001DE430 /* ProfileVC.m */,
				E2E3E3032ABECDA700586D13 /* WeatherDetailVC.h */,
				E2E3E3042ABECDA700586D13 /* WeatherDetailVC.m */,
			);
			path = ViewController;
			sourceTree = "<group>";
		};
/* End PBXGroup section */

/* Begin PBXNativeTarget section */
		E2CBB8062ABD461A001DE430 /* TensorIOTPractical */ = {
			isa = PBXNativeTarget;
			buildConfigurationList = E2CBB8202ABD461C001DE430 /* Build configuration list for PBXNativeTarget "TensorIOTPractical" */;
			buildPhases = (
				E2CBB8032ABD461A001DE430 /* Sources */,
				E2CBB8042ABD461A001DE430 /* Frameworks */,
				E2CBB8052ABD461A001DE430 /* Resources */,
			);
			buildRules = (
			);
			dependencies = (
			);
			name = TensorIOTPractical;
			packageProductDependencies = (
				E2CBB82E2ABD7C12001DE430 /* FirebaseAuth */,
				E2CBB8302ABD7C12001DE430 /* FirebaseAuthCombine-Community */,
				E2CBB8322ABD7C12001DE430 /* FirebaseDatabase */,
				E2CBB8342ABD7C13001DE430 /* FirebaseFirestore */,
				E2CBB8362ABD7C13001DE430 /* FirebaseStorage */,
				E2CBB8382ABD7C13001DE430 /* FirebaseStorageCombine-Community */,
				E2CBB83B2ABD8E4C001DE430 /* GoogleSignIn */,
				E2CBB83D2ABD8E4C001DE430 /* GoogleSignInSwift */,
			);
			productName = TensorIOTPractical;
			productReference = E2CBB8072ABD461A001DE430 /* TensorIOTPractical.app */;
			productType = "com.apple.product-type.application";
		};
/* End PBXNativeTarget section */

/* Begin PBXProject section */
		E2CBB7FF2ABD461A001DE430 /* Project object */ = {
			isa = PBXProject;
			attributes = {
				BuildIndependentTargetsInParallel = 1;
				LastUpgradeCheck = 1430;
				TargetAttributes = {
					E2CBB8062ABD461A001DE430 = {
						CreatedOnToolsVersion = 14.3.1;
					};
				};
			};
			buildConfigurationList = E2CBB8022ABD461A001DE430 /* Build configuration list for PBXProject "TensorIOTPractical" */;
			compatibilityVersion = "Xcode 14.0";
			developmentRegion = en;
			hasScannedForEncodings = 0;
			knownRegions = (
				en,
				Base,
			);
			mainGroup = E2CBB7FE2ABD461A001DE430;
			packageReferences = (
				E2CBB82D2ABD7C12001DE430 /* XCRemoteSwiftPackageReference "firebase-ios-sdk" */,
				E2CBB83A2ABD8E4C001DE430 /* XCRemoteSwiftPackageReference "GoogleSignIn-iOS" */,
			);
			productRefGroup = E2CBB8082ABD461A001DE430 /* Products */;
			projectDirPath = "";
			projectRoot = "";
			targets = (
				E2CBB8062ABD461A001DE430 /* TensorIOTPractical */,
			);
		};
/* End PBXProject section */

/* Begin PBXResourcesBuildPhase section */
		E2CBB8052ABD461A001DE430 /* Resources */ = {
			isa = PBXResourcesBuildPhase;
			buildActionMask = 2147483647;
			files = (
				E2CBB81A2ABD461C001DE430 /* LaunchScreen.storyboard in Resources */,
				E2CBB82C2ABD79CD001DE430 /* GoogleService-Info.plist in Resources */,
				E2CBB8172ABD461C001DE430 /* Assets.xcassets in Resources */,
				E2CBB8152ABD461A001DE430 /* Main.storyboard in Resources */,
			);
			runOnlyForDeploymentPostprocessing = 0;
		};
/* End PBXResourcesBuildPhase section */

/* Begin PBXSourcesBuildPhase section */
		E2CBB8032ABD461A001DE430 /* Sources */ = {
			isa = PBXSourcesBuildPhase;
			buildActionMask = 2147483647;
			files = (
				E2CBB8252ABD4E7E001DE430 /* SignUpVC.m in Sources */,
				E2CBB8292ABD4EBF001DE430 /* ProfileVC.m in Sources */,
				E2CBB8122ABD461A001DE430 /* LoginVC.m in Sources */,
				E2CBB80C2ABD461A001DE430 /* AppDelegate.m in Sources */,
				E2E3E3052ABECDA700586D13 /* WeatherDetailVC.m in Sources */,
				E2CBB81D2ABD461C001DE430 /* main.m in Sources */,
			);
			runOnlyForDeploymentPostprocessing = 0;
		};
/* End PBXSourcesBuildPhase section */

/* Begin PBXVariantGroup section */
		E2CBB8132ABD461A001DE430 /* Main.storyboard */ = {
			isa = PBXVariantGroup;
			children = (
				E2CBB8142ABD461A001DE430 /* Base */,
			);
			name = Main.storyboard;
			sourceTree = "<group>";
		};
		E2CBB8182ABD461C001DE430 /* LaunchScreen.storyboard */ = {
			isa = PBXVariantGroup;
			children = (
				E2CBB8192ABD461C001DE430 /* Base */,
			);
			name = LaunchScreen.storyboard;
			sourceTree = "<group>";
		};
/* End PBXVariantGroup section */

/* Begin XCBuildConfiguration section */
		E2CBB81E2ABD461C001DE430 /* Debug */ = {
			isa = XCBuildConfiguration;
			buildSettings = {
				ALWAYS_SEARCH_USER_PATHS = NO;
				CLANG_ANALYZER_NONNULL = YES;
				CLANG_ANALYZER_NUMBER_OBJECT_CONVERSION = YES_AGGRESSIVE;
				CLANG_CXX_LANGUAGE_STANDARD = "gnu++20";
				CLANG_ENABLE_MODULES = YES;
				CLANG_ENABLE_OBJC_ARC = YES;
				CLANG_ENABLE_OBJC_WEAK = YES;
				CLANG_WARN_BLOCK_CAPTURE_AUTORELEASING = YES;
				CLANG_WARN_BOOL_CONVERSION = YES;
				CLANG_WARN_COMMA = YES;
				CLANG_WARN_CONSTANT_CONVERSION = YES;
				CLANG_WARN_DEPRECATED_OBJC_IMPLEMENTATIONS = YES;
				CLANG_WARN_DIRECT_OBJC_ISA_USAGE = YES_ERROR;
				CLANG_WARN_DOCUMENTATION_COMMENTS = YES;
				CLANG_WARN_EMPTY_BODY = YES;
				CLANG_WARN_ENUM_CONVERSION = YES;
				CLANG_WARN_INFINITE_RECURSION = YES;
				CLANG_WARN_INT_CONVERSION = YES;
				CLANG_WARN_NON_LITERAL_NULL_CONVERSION = YES;
				CLANG_WARN_OBJC_IMPLICIT_RETAIN_SELF = YES;
				CLANG_WARN_OBJC_LITERAL_CONVERSION = YES;
				CLANG_WARN_OBJC_ROOT_CLASS = YES_ERROR;
				CLANG_WARN_QUOTED_INCLUDE_IN_FRAMEWORK_HEADER = YES;
				CLANG_WARN_RANGE_LOOP_ANALYSIS = YES;
				CLANG_WARN_STRICT_PROTOTYPES = YES;
				CLANG_WARN_SUSPICIOUS_MOVE = YES;
				CLANG_WARN_UNGUARDED_AVAILABILITY = YES_AGGRESSIVE;
				CLANG_WARN_UNREACHABLE_CODE = YES;
				CLANG_WARN__DUPLICATE_METHOD_MATCH = YES;
				COPY_PHASE_STRIP = NO;
				DEBUG_INFORMATION_FORMAT = dwarf;
				ENABLE_STRICT_OBJC_MSGSEND = YES;
				ENABLE_TESTABILITY = YES;
				GCC_C_LANGUAGE_STANDARD = gnu11;
				GCC_DYNAMIC_NO_PIC = NO;
				GCC_NO_COMMON_BLOCKS = YES;
				GCC_OPTIMIZATION_LEVEL = 0;
				GCC_PREPROCESSOR_DEFINITIONS = (
					"DEBUG=1",
					"$(inherited)",
				);
				GCC_WARN_64_TO_32_BIT_CONVERSION = YES;
				GCC_WARN_ABOUT_RETURN_TYPE = YES_ERROR;
				GCC_WARN_UNDECLARED_SELECTOR = YES;
				GCC_WARN_UNINITIALIZED_AUTOS = YES_AGGRESSIVE;
				GCC_WARN_UNUSED_FUNCTION = YES;
				GCC_WARN_UNUSED_VARIABLE = YES;
				IPHONEOS_DEPLOYMENT_TARGET = 16.4;
				MTL_ENABLE_DEBUG_INFO = INCLUDE_SOURCE;
				MTL_FAST_MATH = YES;
				ONLY_ACTIVE_ARCH = YES;
				SDKROOT = iphoneos;
			};
			name = Debug;
		};
		E2CBB81F2ABD461C001DE430 /* Release */ = {
			isa = XCBuildConfiguration;
			buildSettings = {
				ALWAYS_SEARCH_USER_PATHS = NO;
				CLANG_ANALYZER_NONNULL = YES;
				CLANG_ANALYZER_NUMBER_OBJECT_CONVERSION = YES_AGGRESSIVE;
				CLANG_CXX_LANGUAGE_STANDARD = "gnu++20";
				CLANG_ENABLE_MODULES = YES;
				CLANG_ENABLE_OBJC_ARC = YES;
				CLANG_ENABLE_OBJC_WEAK = YES;
				CLANG_WARN_BLOCK_CAPTURE_AUTORELEASING = YES;
				CLANG_WARN_BOOL_CONVERSION = YES;
				CLANG_WARN_COMMA = YES;
				CLANG_WARN_CONSTANT_CONVERSION = YES;
				CLANG_WARN_DEPRECATED_OBJC_IMPLEMENTATIONS = YES;
				CLANG_WARN_DIRECT_OBJC_ISA_USAGE = YES_ERROR;
				CLANG_WARN_DOCUMENTATION_COMMENTS = YES;
				CLANG_WARN_EMPTY_BODY = YES;
				CLANG_WARN_ENUM_CONVERSION = YES;
				CLANG_WARN_INFINITE_RECURSION = YES;
				CLANG_WARN_INT_CONVERSION = YES;
				CLANG_WARN_NON_LITERAL_NULL_CONVERSION = YES;
				CLANG_WARN_OBJC_IMPLICIT_RETAIN_SELF = YES;
				CLANG_WARN_OBJC_LITERAL_CONVERSION = YES;
				CLANG_WARN_OBJC_ROOT_CLASS = YES_ERROR;
				CLANG_WARN_QUOTED_INCLUDE_IN_FRAMEWORK_HEADER = YES;
				CLANG_WARN_RANGE_LOOP_ANALYSIS = YES;
				CLANG_WARN_STRICT_PROTOTYPES = YES;
				CLANG_WARN_SUSPICIOUS_MOVE = YES;
				CLANG_WARN_UNGUARDED_AVAILABILITY = YES_AGGRESSIVE;
				CLANG_WARN_UNREACHABLE_CODE = YES;
				CLANG_WARN__DUPLICATE_METHOD_MATCH = YES;
				COPY_PHASE_STRIP = NO;
				DEBUG_INFORMATION_FORMAT = "dwarf-with-dsym";
				ENABLE_NS_ASSERTIONS = NO;
				ENABLE_STRICT_OBJC_MSGSEND = YES;
				GCC_C_LANGUAGE_STANDARD = gnu11;
				GCC_NO_COMMON_BLOCKS = YES;
				GCC_WARN_64_TO_32_BIT_CONVERSION = YES;
				GCC_WARN_ABOUT_RETURN_TYPE = YES_ERROR;
				GCC_WARN_UNDECLARED_SELECTOR = YES;
				GCC_WARN_UNINITIALIZED_AUTOS = YES_AGGRESSIVE;
				GCC_WARN_UNUSED_FUNCTION = YES;
				GCC_WARN_UNUSED_VARIABLE = YES;
				IPHONEOS_DEPLOYMENT_TARGET = 16.4;
				MTL_ENABLE_DEBUG_INFO = NO;
				MTL_FAST_MATH = YES;
				SDKROOT = iphoneos;
				VALIDATE_PRODUCT = YES;
			};
			name = Release;
		};
		E2CBB8212ABD461C001DE430 /* Debug */ = {
			isa = XCBuildConfiguration;
			buildSettings = {
				ASSETCATALOG_COMPILER_APPICON_NAME = AppIcon;
				ASSETCATALOG_COMPILER_GLOBAL_ACCENT_COLOR_NAME = AccentColor;
				CODE_SIGN_STYLE = Automatic;
				CURRENT_PROJECT_VERSION = 1;
				GENERATE_INFOPLIST_FILE = YES;
				INFOPLIST_FILE = TensorIOTPractical/Info.plist;
				INFOPLIST_KEY_UIApplicationSupportsIndirectInputEvents = YES;
				INFOPLIST_KEY_UILaunchStoryboardName = LaunchScreen;
				INFOPLIST_KEY_UIMainStoryboardFile = Main;
				INFOPLIST_KEY_UIStatusBarStyle = "";
				INFOPLIST_KEY_UISupportedInterfaceOrientations_iPad = "UIInterfaceOrientationPortrait UIInterfaceOrientationPortraitUpsideDown UIInterfaceOrientationLandscapeLeft UIInterfaceOrientationLandscapeRight";
				INFOPLIST_KEY_UISupportedInterfaceOrientations_iPhone = "UIInterfaceOrientationPortrait UIInterfaceOrientationLandscapeLeft UIInterfaceOrientationLandscapeRight";
				LD_RUNPATH_SEARCH_PATHS = (
					"$(inherited)",
					"@executable_path/Frameworks",
				);
				MARKETING_VERSION = 1.0;
				PRODUCT_BUNDLE_IDENTIFIER = TensorIOTPractical;
				PRODUCT_NAME = "$(TARGET_NAME)";
				SWIFT_EMIT_LOC_STRINGS = YES;
				TARGETED_DEVICE_FAMILY = "1,2";
			};
			name = Debug;
		};
		E2CBB8222ABD461C001DE430 /* Release */ = {
			isa = XCBuildConfiguration;
			buildSettings = {
				ASSETCATALOG_COMPILER_APPICON_NAME = AppIcon;
				ASSETCATALOG_COMPILER_GLOBAL_ACCENT_COLOR_NAME = AccentColor;
				CODE_SIGN_STYLE = Automatic;
				CURRENT_PROJECT_VERSION = 1;
				GENERATE_INFOPLIST_FILE = YES;
				INFOPLIST_FILE = TensorIOTPractical/Info.plist;
				INFOPLIST_KEY_UIApplicationSupportsIndirectInputEvents = YES;
				INFOPLIST_KEY_UILaunchStoryboardName = LaunchScreen;
				INFOPLIST_KEY_UIMainStoryboardFile = Main;
				INFOPLIST_KEY_UIStatusBarStyle = "";
				INFOPLIST_KEY_UISupportedInterfaceOrientations_iPad = "UIInterfaceOrientationPortrait UIInterfaceOrientationPortraitUpsideDown UIInterfaceOrientationLandscapeLeft UIInterfaceOrientationLandscapeRight";
				INFOPLIST_KEY_UISupportedInterfaceOrientations_iPhone = "UIInterfaceOrientationPortrait UIInterfaceOrientationLandscapeLeft UIInterfaceOrientationLandscapeRight";
				LD_RUNPATH_SEARCH_PATHS = (
					"$(inherited)",
					"@executable_path/Frameworks",
				);
				MARKETING_VERSION = 1.0;
				PRODUCT_BUNDLE_IDENTIFIER = TensorIOTPractical;
				PRODUCT_NAME = "$(TARGET_NAME)";
				SWIFT_EMIT_LOC_STRINGS = YES;
				TARGETED_DEVICE_FAMILY = "1,2";
			};
			name = Release;
		};
/* End XCBuildConfiguration section */

/* Begin XCConfigurationList section */
		E2CBB8022ABD461A001DE430 /* Build configuration list for PBXProject "TensorIOTPractical" */ = {
			isa = XCConfigurationList;
			buildConfigurations = (
				E2CBB81E2ABD461C001DE430 /* Debug */,
				E2CBB81F2ABD461C001DE430 /* Release */,
			);
			defaultConfigurationIsVisible = 0;
			defaultConfigurationName = Release;
		};
		E2CBB8202ABD461C001DE430 /* Build configuration list for PBXNativeTarget "TensorIOTPractical" */ = {
			isa = XCConfigurationList;
			buildConfigurations = (
				E2CBB8212ABD461C001DE430 /* Debug */,
				E2CBB8222ABD461C001DE430 /* Release */,
			);
			defaultConfigurationIsVisible = 0;
			defaultConfigurationName = Release;
		};
/* End XCConfigurationList section */

/* Begin XCRemoteSwiftPackageReference section */
		E2CBB82D2ABD7C12001DE430 /* XCRemoteSwiftPackageReference "firebase-ios-sdk" */ = {
			isa = XCRemoteSwiftPackageReference;
			repositoryURL = "https://github.com/firebase/firebase-ios-sdk";
			requirement = {
				kind = upToNextMajorVersion;
				minimumVersion = 10.0.0;
			};
		};
		E2CBB83A2ABD8E4C001DE430 /* XCRemoteSwiftPackageReference "GoogleSignIn-iOS" */ = {
			isa = XCRemoteSwiftPackageReference;
			repositoryURL = "https://github.com/google/GoogleSignIn-iOS";
			requirement = {
				kind = upToNextMajorVersion;
				minimumVersion = 7.0.0;
			};
		};
/* End XCRemoteSwiftPackageReference section */

/* Begin XCSwiftPackageProductDependency section */
		E2CBB82E2ABD7C12001DE430 /* FirebaseAuth */ = {
			isa = XCSwiftPackageProductDependency;
			package = E2CBB82D2ABD7C12001DE430 /* XCRemoteSwiftPackageReference "firebase-ios-sdk" */;
			productName = FirebaseAuth;
		};
		E2CBB8302ABD7C12001DE430 /* FirebaseAuthCombine-Community */ = {
			isa = XCSwiftPackageProductDependency;
			package = E2CBB82D2ABD7C12001DE430 /* XCRemoteSwiftPackageReference "firebase-ios-sdk" */;
			productName = "FirebaseAuthCombine-Community";
		};
		E2CBB8322ABD7C12001DE430 /* FirebaseDatabase */ = {
			isa = XCSwiftPackageProductDependency;
			package = E2CBB82D2ABD7C12001DE430 /* XCRemoteSwiftPackageReference "firebase-ios-sdk" */;
			productName = FirebaseDatabase;
		};
		E2CBB8342ABD7C13001DE430 /* FirebaseFirestore */ = {
			isa = XCSwiftPackageProductDependency;
			package = E2CBB82D2ABD7C12001DE430 /* XCRemoteSwiftPackageReference "firebase-ios-sdk" */;
			productName = FirebaseFirestore;
		};
		E2CBB8362ABD7C13001DE430 /* FirebaseStorage */ = {
			isa = XCSwiftPackageProductDependency;
			package = E2CBB82D2ABD7C12001DE430 /* XCRemoteSwiftPackageReference "firebase-ios-sdk" */;
			productName = FirebaseStorage;
		};
		E2CBB8382ABD7C13001DE430 /* FirebaseStorageCombine-Community */ = {
			isa = XCSwiftPackageProductDependency;
			package = E2CBB82D2ABD7C12001DE430 /* XCRemoteSwiftPackageReference "firebase-ios-sdk" */;
			productName = "FirebaseStorageCombine-Community";
		};
		E2CBB83B2ABD8E4C001DE430 /* GoogleSignIn */ = {
			isa = XCSwiftPackageProductDependency;
			package = E2CBB83A2ABD8E4C001DE430 /* XCRemoteSwiftPackageReference "GoogleSignIn-iOS" */;
			productName = GoogleSignIn;
		};
		E2CBB83D2ABD8E4C001DE430 /* GoogleSignInSwift */ = {
			isa = XCSwiftPackageProductDependency;
			package = E2CBB83A2ABD8E4C001DE430 /* XCRemoteSwiftPackageReference "GoogleSignIn-iOS" */;
			productName = GoogleSignInSwift;
		};
/* End XCSwiftPackageProductDependency section */
	};
	rootObject = E2CBB7FF2ABD461A001DE430 /* Project object */;
}
